
Microsoft Visual Studio Solution File, Format Version 12.00
# Visual Studio 14
VisualStudioVersion = 14.0.23107.0
MinimumVisualStudioVersion = 10.0.40219.1
Project("{FAE04EC0-301F-11D3-BF4B-00C04F79EFBC}") = "Problem14-TextGravity", "Problem14-TextGravity\Problem14-TextGravity.csproj", "{F9E5B2B2-9732-4849-AA3D-16DFD0B1A7C8}"
EndProject
Project("{FAE04EC0-301F-11D3-BF4B-00C04F79EFBC}") = "Problem15-UppercaseWords", "Problem15-UppercaseWords\Problem15-UppercaseWords.csproj", "{3F6CE95B-0A25-49BF-A945-DC227EFFBC11}"
EndProject
Project("{FAE04EC0-301F-11D3-BF4B-00C04F79EFBC}") = "Problem1-ClassStudent", "Problem1-ClassStudent\Problem1-ClassStudent.csproj", "{C99394EA-D7D2-4537-B1E1-6C6F8B550426}"
EndProject
Project("{FAE04EC0-301F-11D3-BF4B-00C04F79EFBC}") = "Problem16-LittleJohn", "Problem16-LittleJohn\Problem16-LittleJohn.csproj", "{CA96BD34-7318-4668-9F88-03C758CF48FE}"
EndProject
Global
	GlobalSection(SolutionConfigurationPlatforms) = preSolution
		Debug|Any CPU = Debug|Any CPU
		Release|Any CPU = Release|Any CPU
	EndGlobalSection
	GlobalSection(ProjectConfigurationPlatforms) = postSolution
		{F9E5B2B2-9732-4849-AA3D-16DFD0B1A7C8}.Debug|Any CPU.ActiveCfg = Debug|Any CPU
		{F9E5B2B2-9732-4849-AA3D-16DFD0B1A7C8}.Debug|Any CPU.Build.0 = Debug|Any CPU
		{F9E5B2B2-9732-4849-AA3D-16DFD0B1A7C8}.Release|Any CPU.ActiveCfg = Release|Any CPU
		{F9E5B2B2-9732-4849-AA3D-16DFD0B1A7C8}.Release|Any CPU.Build.0 = Release|Any CPU
		{3F6CE95B-0A25-49BF-A945-DC227EFFBC11}.Debug|Any CPU.ActiveCfg = Debug|Any CPU
		{3F6CE95B-0A25-49BF-A945-DC227EFFBC11}.Debug|Any CPU.Build.0 = Debug|Any CPU
		{3F6CE95B-0A25-49BF-A945-DC227EFFBC11}.Release|Any CPU.ActiveCfg = Release|Any CPU
		{3F6CE95B-0A25-49BF-A945-DC227EFFBC11}.Release|Any CPU.Build.0 = Release|Any CPU
		{C99394EA-D7D2-4537-B1E1-6C6F8B550426}.Debug|Any CPU.ActiveCfg = Debug|Any CPU
		{C99394EA-D7D2-4537-B1E1-6C6F8B550426}.Debug|Any CPU.Build.0 = Debug|Any CPU
		{C99394EA-D7D2-4537-B1E1-6C6F8B550426}.Release|Any CPU.ActiveCfg = Release|Any CPU
		{C99394EA-D7D2-4537-B1E1-6C6F8B550426}.Release|Any CPU.Build.0 = Release|Any CPU
		{CA96BD34-7318-4668-9F88-03C758CF48FE}.Debug|Any CPU.ActiveCfg = Debug|Any CPU
		{CA96BD34-7318-4668-9F88-03C758CF48FE}.Debug|Any CPU.Build.0 = Debug|Any CPU
		{CA96BD34-7318-4668-9F88-03C758CF48FE}.Release|Any CPU.ActiveCfg = Release|Any CPU
		{CA96BD34-7318-4668-9F88-03C758CF48FE}.Release|Any CPU.Build.0 = Release|Any CPU
	EndGlobalSection
	GlobalSection(SolutionProperties) = preSolution
		HideSolutionNode = FALSE
	EndGlobalSection
EndGlobal
