
Microsoft Visual Studio Solution File, Format Version 12.00
# Visual Studio 14
VisualStudioVersion = 14.0.23107.0
MinimumVisualStudioVersion = 10.0.40219.1
Project("{FAE04EC0-301F-11D3-BF4B-00C04F79EFBC}") = "Problem1-FillTheMatrix", "Problem1-FillTheMatrix\Problem1-FillTheMatrix.csproj", "{C040178C-EB13-4818-AB30-A4037038BA8F}"
EndProject
Project("{FAE04EC0-301F-11D3-BF4B-00C04F79EFBC}") = "Problem2-MaximalSum", "Problem2-MaximalSum\Problem2-MaximalSum.csproj", "{CD246389-61C4-415E-8F12-C4C5C2CDBB65}"
EndProject
Project("{FAE04EC0-301F-11D3-BF4B-00C04F79EFBC}") = "Problem3-MatrixShuffling", "Problem3-MatrixShuffling\Problem3-MatrixShuffling.csproj", "{1EC088B9-8FC8-4ACE-922E-B711F837611F}"
EndProject
Project("{FAE04EC0-301F-11D3-BF4B-00C04F79EFBC}") = "Problem4-SequenceInMatrix", "Problem4-SequenceInMatrix\Problem4-SequenceInMatrix.csproj", "{53EB225D-53BA-4307-9598-64D65E74AD95}"
EndProject
Project("{FAE04EC0-301F-11D3-BF4B-00C04F79EFBC}") = "Problem4-CollectTheCoins", "Problem4-CollectTheCoins\Problem4-CollectTheCoins.csproj", "{1A6C5617-9038-447F-920D-6B9C8BD19535}"
EndProject
Project("{FAE04EC0-301F-11D3-BF4B-00C04F79EFBC}") = "Problem6-CountSymbols", "Problem6-CountSymbols\Problem6-CountSymbols.csproj", "{8EE21211-1041-42CF-970E-B6172BB58A4A}"
EndProject
Global
	GlobalSection(SolutionConfigurationPlatforms) = preSolution
		Debug|Any CPU = Debug|Any CPU
		Release|Any CPU = Release|Any CPU
	EndGlobalSection
	GlobalSection(ProjectConfigurationPlatforms) = postSolution
		{C040178C-EB13-4818-AB30-A4037038BA8F}.Debug|Any CPU.ActiveCfg = Debug|Any CPU
		{C040178C-EB13-4818-AB30-A4037038BA8F}.Debug|Any CPU.Build.0 = Debug|Any CPU
		{C040178C-EB13-4818-AB30-A4037038BA8F}.Release|Any CPU.ActiveCfg = Release|Any CPU
		{C040178C-EB13-4818-AB30-A4037038BA8F}.Release|Any CPU.Build.0 = Release|Any CPU
		{CD246389-61C4-415E-8F12-C4C5C2CDBB65}.Debug|Any CPU.ActiveCfg = Debug|Any CPU
		{CD246389-61C4-415E-8F12-C4C5C2CDBB65}.Debug|Any CPU.Build.0 = Debug|Any CPU
		{CD246389-61C4-415E-8F12-C4C5C2CDBB65}.Release|Any CPU.ActiveCfg = Release|Any CPU
		{CD246389-61C4-415E-8F12-C4C5C2CDBB65}.Release|Any CPU.Build.0 = Release|Any CPU
		{1EC088B9-8FC8-4ACE-922E-B711F837611F}.Debug|Any CPU.ActiveCfg = Debug|Any CPU
		{1EC088B9-8FC8-4ACE-922E-B711F837611F}.Debug|Any CPU.Build.0 = Debug|Any CPU
		{1EC088B9-8FC8-4ACE-922E-B711F837611F}.Release|Any CPU.ActiveCfg = Release|Any CPU
		{1EC088B9-8FC8-4ACE-922E-B711F837611F}.Release|Any CPU.Build.0 = Release|Any CPU
		{53EB225D-53BA-4307-9598-64D65E74AD95}.Debug|Any CPU.ActiveCfg = Debug|Any CPU
		{53EB225D-53BA-4307-9598-64D65E74AD95}.Debug|Any CPU.Build.0 = Debug|Any CPU
		{53EB225D-53BA-4307-9598-64D65E74AD95}.Release|Any CPU.ActiveCfg = Release|Any CPU
		{53EB225D-53BA-4307-9598-64D65E74AD95}.Release|Any CPU.Build.0 = Release|Any CPU
		{1A6C5617-9038-447F-920D-6B9C8BD19535}.Debug|Any CPU.ActiveCfg = Debug|Any CPU
		{1A6C5617-9038-447F-920D-6B9C8BD19535}.Debug|Any CPU.Build.0 = Debug|Any CPU
		{1A6C5617-9038-447F-920D-6B9C8BD19535}.Release|Any CPU.ActiveCfg = Release|Any CPU
		{1A6C5617-9038-447F-920D-6B9C8BD19535}.Release|Any CPU.Build.0 = Release|Any CPU
		{8EE21211-1041-42CF-970E-B6172BB58A4A}.Debug|Any CPU.ActiveCfg = Debug|Any CPU
		{8EE21211-1041-42CF-970E-B6172BB58A4A}.Debug|Any CPU.Build.0 = Debug|Any CPU
		{8EE21211-1041-42CF-970E-B6172BB58A4A}.Release|Any CPU.ActiveCfg = Release|Any CPU
		{8EE21211-1041-42CF-970E-B6172BB58A4A}.Release|Any CPU.Build.0 = Release|Any CPU
	EndGlobalSection
	GlobalSection(SolutionProperties) = preSolution
		HideSolutionNode = FALSE
	EndGlobalSection
EndGlobal
