
Microsoft Visual Studio Solution File, Format Version 12.00
# Visual Studio 14
VisualStudioVersion = 14.0.23107.0
MinimumVisualStudioVersion = 10.0.40219.1
Project("{FAE04EC0-301F-11D3-BF4B-00C04F79EFBC}") = "ReverseNumbersWithAStack", "ReverseNumbersWithAStack\ReverseNumbersWithAStack.csproj", "{AB5172AC-7398-4C8B-AB03-CE136B124DA9}"
EndProject
Project("{FAE04EC0-301F-11D3-BF4B-00C04F79EFBC}") = "BasicStackOperations", "BasicStackOperations\BasicStackOperations.csproj", "{50783732-5485-4424-8A13-BB88F7E1F5A1}"
EndProject
Project("{FAE04EC0-301F-11D3-BF4B-00C04F79EFBC}") = "MaximumElement", "MaximumElement\MaximumElement.csproj", "{530AE7A7-3238-47D2-8943-DAE415FA44D3}"
EndProject
Project("{FAE04EC0-301F-11D3-BF4B-00C04F79EFBC}") = "BasicQueueOperations", "BasicQueueOperations\BasicQueueOperations.csproj", "{A6BE324D-7079-4481-9B7A-CC76144F6CEC}"
EndProject
Project("{FAE04EC0-301F-11D3-BF4B-00C04F79EFBC}") = "CalculateSequenceWithQueue", "CalculateSequenceWithQueue\CalculateSequenceWithQueue.csproj", "{5DDFD410-9C6E-4319-B085-FCD8FBD00EC0}"
EndProject
Project("{FAE04EC0-301F-11D3-BF4B-00C04F79EFBC}") = "TruckTour", "TruckTour\TruckTour.csproj", "{909CEC5B-2143-42F5-BB41-962150EB5374}"
EndProject
Project("{FAE04EC0-301F-11D3-BF4B-00C04F79EFBC}") = "BalancedParentheses", "BalancedParentheses\BalancedParentheses.csproj", "{733E9C9B-ACB6-4FBF-A281-5E4A3325691D}"
EndProject
Project("{FAE04EC0-301F-11D3-BF4B-00C04F79EFBC}") = "RecursiveFibonacci", "RecursiveFibonacci\RecursiveFibonacci.csproj", "{FB907BD9-AEA2-46F9-8E24-D195B953C3EA}"
EndProject
Project("{FAE04EC0-301F-11D3-BF4B-00C04F79EFBC}") = "StackFibonacci", "StackFibonacci\StackFibonacci.csproj", "{632A425A-4147-4ED3-A56C-A132CD55EBAA}"
EndProject
Project("{FAE04EC0-301F-11D3-BF4B-00C04F79EFBC}") = "SimpleTextEditor", "SimpleTextEditor\SimpleTextEditor.csproj", "{642E655E-446E-4BCC-91DD-8E8CD9B811A6}"
EndProject
Project("{FAE04EC0-301F-11D3-BF4B-00C04F79EFBC}") = "PoisonousPlants", "PoisonousPlants\PoisonousPlants.csproj", "{43D0F356-57BF-4393-96D9-5E2468193777}"
EndProject
Project("{2150E333-8FDC-42A3-9474-1A3956D46DE8}") = "SetsAndDictionaries", "SetsAndDictionaries", "{03796CDE-9E05-4EA3-8DDE-5D88E3F33D19}"
EndProject
Project("{FAE04EC0-301F-11D3-BF4B-00C04F79EFBC}") = "UniqueUsernames", "UniqueUsernames\UniqueUsernames.csproj", "{C24152DE-5AF4-4D60-AAE4-5916E13C7D9D}"
EndProject
Project("{FAE04EC0-301F-11D3-BF4B-00C04F79EFBC}") = "SetsOfElements", "SetsOfElements\SetsOfElements.csproj", "{28544267-5799-42BF-A068-521A47ABE8D1}"
EndProject
Project("{FAE04EC0-301F-11D3-BF4B-00C04F79EFBC}") = "PeriodicTable", "PeriodicTable\PeriodicTable.csproj", "{589E7E94-4992-480E-89EF-07AFCC9374DD}"
EndProject
Project("{FAE04EC0-301F-11D3-BF4B-00C04F79EFBC}") = "CountSymbols", "CountSymbols\CountSymbols.csproj", "{B31EFE89-00C0-4F7E-BE83-19E12B301944}"
EndProject
Project("{2150E333-8FDC-42A3-9474-1A3956D46DE8}") = "StacksAndQueues", "StacksAndQueues", "{11FB84B9-5E8A-4F87-9E0C-B54F8C5D2BA0}"
EndProject
Project("{FAE04EC0-301F-11D3-BF4B-00C04F79EFBC}") = "Phonebook", "Phonebook\Phonebook.csproj", "{85A9D008-FA84-45E4-86CD-CBA7F4BF4385}"
EndProject
Project("{FAE04EC0-301F-11D3-BF4B-00C04F79EFBC}") = "AMinerTask", "AMinerTask\AMinerTask.csproj", "{86E974A7-6CE0-4ED8-89E4-9B603DD639DA}"
EndProject
Project("{FAE04EC0-301F-11D3-BF4B-00C04F79EFBC}") = "FixEmails", "FixEmails\FixEmails.csproj", "{10365241-1E99-4314-B48C-D6A3584CA8F5}"
EndProject
Project("{FAE04EC0-301F-11D3-BF4B-00C04F79EFBC}") = "HandsOfCards", "HandsOfCards\HandsOfCards.csproj", "{2AB139AD-05E1-4B13-8A68-7181A0087A97}"
EndProject
Project("{FAE04EC0-301F-11D3-BF4B-00C04F79EFBC}") = "UserLogs", "UserLogs\UserLogs.csproj", "{0B3A6379-1B31-4BC0-8112-C4E54AEC2FE4}"
EndProject
Project("{FAE04EC0-301F-11D3-BF4B-00C04F79EFBC}") = "PopulationCounter", "PopulationCounter\PopulationCounter.csproj", "{C8F5FDE6-A4A8-4FEC-9326-992FFB993CD0}"
EndProject
Project("{FAE04EC0-301F-11D3-BF4B-00C04F79EFBC}") = "LogsAggregator", "LogsAggregator\LogsAggregator.csproj", "{D96DD20B-CB67-485F-89FA-29ECF147269F}"
EndProject
Project("{FAE04EC0-301F-11D3-BF4B-00C04F79EFBC}") = "LegendaryFarming", "LegendaryFarming\LegendaryFarming.csproj", "{A71D32F9-93A7-4068-8F09-FE61236C8951}"
EndProject
Project("{FAE04EC0-301F-11D3-BF4B-00C04F79EFBC}") = "SrybskoUnleashed", "SrybskoUnleashed\SrybskoUnleashed.csproj", "{BE1B51E7-9663-4388-B8A2-C9B74ADC6C4D}"
EndProject
Global
	GlobalSection(SolutionConfigurationPlatforms) = preSolution
		Debug|Any CPU = Debug|Any CPU
		Release|Any CPU = Release|Any CPU
	EndGlobalSection
	GlobalSection(ProjectConfigurationPlatforms) = postSolution
		{AB5172AC-7398-4C8B-AB03-CE136B124DA9}.Debug|Any CPU.ActiveCfg = Debug|Any CPU
		{AB5172AC-7398-4C8B-AB03-CE136B124DA9}.Debug|Any CPU.Build.0 = Debug|Any CPU
		{AB5172AC-7398-4C8B-AB03-CE136B124DA9}.Release|Any CPU.ActiveCfg = Release|Any CPU
		{AB5172AC-7398-4C8B-AB03-CE136B124DA9}.Release|Any CPU.Build.0 = Release|Any CPU
		{50783732-5485-4424-8A13-BB88F7E1F5A1}.Debug|Any CPU.ActiveCfg = Debug|Any CPU
		{50783732-5485-4424-8A13-BB88F7E1F5A1}.Debug|Any CPU.Build.0 = Debug|Any CPU
		{50783732-5485-4424-8A13-BB88F7E1F5A1}.Release|Any CPU.ActiveCfg = Release|Any CPU
		{50783732-5485-4424-8A13-BB88F7E1F5A1}.Release|Any CPU.Build.0 = Release|Any CPU
		{530AE7A7-3238-47D2-8943-DAE415FA44D3}.Debug|Any CPU.ActiveCfg = Debug|Any CPU
		{530AE7A7-3238-47D2-8943-DAE415FA44D3}.Debug|Any CPU.Build.0 = Debug|Any CPU
		{530AE7A7-3238-47D2-8943-DAE415FA44D3}.Release|Any CPU.ActiveCfg = Release|Any CPU
		{530AE7A7-3238-47D2-8943-DAE415FA44D3}.Release|Any CPU.Build.0 = Release|Any CPU
		{A6BE324D-7079-4481-9B7A-CC76144F6CEC}.Debug|Any CPU.ActiveCfg = Debug|Any CPU
		{A6BE324D-7079-4481-9B7A-CC76144F6CEC}.Debug|Any CPU.Build.0 = Debug|Any CPU
		{A6BE324D-7079-4481-9B7A-CC76144F6CEC}.Release|Any CPU.ActiveCfg = Release|Any CPU
		{A6BE324D-7079-4481-9B7A-CC76144F6CEC}.Release|Any CPU.Build.0 = Release|Any CPU
		{5DDFD410-9C6E-4319-B085-FCD8FBD00EC0}.Debug|Any CPU.ActiveCfg = Debug|Any CPU
		{5DDFD410-9C6E-4319-B085-FCD8FBD00EC0}.Debug|Any CPU.Build.0 = Debug|Any CPU
		{5DDFD410-9C6E-4319-B085-FCD8FBD00EC0}.Release|Any CPU.ActiveCfg = Release|Any CPU
		{5DDFD410-9C6E-4319-B085-FCD8FBD00EC0}.Release|Any CPU.Build.0 = Release|Any CPU
		{909CEC5B-2143-42F5-BB41-962150EB5374}.Debug|Any CPU.ActiveCfg = Debug|Any CPU
		{909CEC5B-2143-42F5-BB41-962150EB5374}.Debug|Any CPU.Build.0 = Debug|Any CPU
		{909CEC5B-2143-42F5-BB41-962150EB5374}.Release|Any CPU.ActiveCfg = Release|Any CPU
		{909CEC5B-2143-42F5-BB41-962150EB5374}.Release|Any CPU.Build.0 = Release|Any CPU
		{733E9C9B-ACB6-4FBF-A281-5E4A3325691D}.Debug|Any CPU.ActiveCfg = Debug|Any CPU
		{733E9C9B-ACB6-4FBF-A281-5E4A3325691D}.Debug|Any CPU.Build.0 = Debug|Any CPU
		{733E9C9B-ACB6-4FBF-A281-5E4A3325691D}.Release|Any CPU.ActiveCfg = Release|Any CPU
		{733E9C9B-ACB6-4FBF-A281-5E4A3325691D}.Release|Any CPU.Build.0 = Release|Any CPU
		{FB907BD9-AEA2-46F9-8E24-D195B953C3EA}.Debug|Any CPU.ActiveCfg = Debug|Any CPU
		{FB907BD9-AEA2-46F9-8E24-D195B953C3EA}.Debug|Any CPU.Build.0 = Debug|Any CPU
		{FB907BD9-AEA2-46F9-8E24-D195B953C3EA}.Release|Any CPU.ActiveCfg = Release|Any CPU
		{FB907BD9-AEA2-46F9-8E24-D195B953C3EA}.Release|Any CPU.Build.0 = Release|Any CPU
		{632A425A-4147-4ED3-A56C-A132CD55EBAA}.Debug|Any CPU.ActiveCfg = Debug|Any CPU
		{632A425A-4147-4ED3-A56C-A132CD55EBAA}.Debug|Any CPU.Build.0 = Debug|Any CPU
		{632A425A-4147-4ED3-A56C-A132CD55EBAA}.Release|Any CPU.ActiveCfg = Release|Any CPU
		{632A425A-4147-4ED3-A56C-A132CD55EBAA}.Release|Any CPU.Build.0 = Release|Any CPU
		{642E655E-446E-4BCC-91DD-8E8CD9B811A6}.Debug|Any CPU.ActiveCfg = Debug|Any CPU
		{642E655E-446E-4BCC-91DD-8E8CD9B811A6}.Debug|Any CPU.Build.0 = Debug|Any CPU
		{642E655E-446E-4BCC-91DD-8E8CD9B811A6}.Release|Any CPU.ActiveCfg = Release|Any CPU
		{642E655E-446E-4BCC-91DD-8E8CD9B811A6}.Release|Any CPU.Build.0 = Release|Any CPU
		{43D0F356-57BF-4393-96D9-5E2468193777}.Debug|Any CPU.ActiveCfg = Debug|Any CPU
		{43D0F356-57BF-4393-96D9-5E2468193777}.Debug|Any CPU.Build.0 = Debug|Any CPU
		{43D0F356-57BF-4393-96D9-5E2468193777}.Release|Any CPU.ActiveCfg = Release|Any CPU
		{43D0F356-57BF-4393-96D9-5E2468193777}.Release|Any CPU.Build.0 = Release|Any CPU
		{C24152DE-5AF4-4D60-AAE4-5916E13C7D9D}.Debug|Any CPU.ActiveCfg = Debug|Any CPU
		{C24152DE-5AF4-4D60-AAE4-5916E13C7D9D}.Debug|Any CPU.Build.0 = Debug|Any CPU
		{C24152DE-5AF4-4D60-AAE4-5916E13C7D9D}.Release|Any CPU.ActiveCfg = Release|Any CPU
		{C24152DE-5AF4-4D60-AAE4-5916E13C7D9D}.Release|Any CPU.Build.0 = Release|Any CPU
		{28544267-5799-42BF-A068-521A47ABE8D1}.Debug|Any CPU.ActiveCfg = Debug|Any CPU
		{28544267-5799-42BF-A068-521A47ABE8D1}.Debug|Any CPU.Build.0 = Debug|Any CPU
		{28544267-5799-42BF-A068-521A47ABE8D1}.Release|Any CPU.ActiveCfg = Release|Any CPU
		{28544267-5799-42BF-A068-521A47ABE8D1}.Release|Any CPU.Build.0 = Release|Any CPU
		{589E7E94-4992-480E-89EF-07AFCC9374DD}.Debug|Any CPU.ActiveCfg = Debug|Any CPU
		{589E7E94-4992-480E-89EF-07AFCC9374DD}.Debug|Any CPU.Build.0 = Debug|Any CPU
		{589E7E94-4992-480E-89EF-07AFCC9374DD}.Release|Any CPU.ActiveCfg = Release|Any CPU
		{589E7E94-4992-480E-89EF-07AFCC9374DD}.Release|Any CPU.Build.0 = Release|Any CPU
		{B31EFE89-00C0-4F7E-BE83-19E12B301944}.Debug|Any CPU.ActiveCfg = Debug|Any CPU
		{B31EFE89-00C0-4F7E-BE83-19E12B301944}.Debug|Any CPU.Build.0 = Debug|Any CPU
		{B31EFE89-00C0-4F7E-BE83-19E12B301944}.Release|Any CPU.ActiveCfg = Release|Any CPU
		{B31EFE89-00C0-4F7E-BE83-19E12B301944}.Release|Any CPU.Build.0 = Release|Any CPU
		{85A9D008-FA84-45E4-86CD-CBA7F4BF4385}.Debug|Any CPU.ActiveCfg = Debug|Any CPU
		{85A9D008-FA84-45E4-86CD-CBA7F4BF4385}.Debug|Any CPU.Build.0 = Debug|Any CPU
		{85A9D008-FA84-45E4-86CD-CBA7F4BF4385}.Release|Any CPU.ActiveCfg = Release|Any CPU
		{85A9D008-FA84-45E4-86CD-CBA7F4BF4385}.Release|Any CPU.Build.0 = Release|Any CPU
		{86E974A7-6CE0-4ED8-89E4-9B603DD639DA}.Debug|Any CPU.ActiveCfg = Debug|Any CPU
		{86E974A7-6CE0-4ED8-89E4-9B603DD639DA}.Debug|Any CPU.Build.0 = Debug|Any CPU
		{86E974A7-6CE0-4ED8-89E4-9B603DD639DA}.Release|Any CPU.ActiveCfg = Release|Any CPU
		{86E974A7-6CE0-4ED8-89E4-9B603DD639DA}.Release|Any CPU.Build.0 = Release|Any CPU
		{10365241-1E99-4314-B48C-D6A3584CA8F5}.Debug|Any CPU.ActiveCfg = Debug|Any CPU
		{10365241-1E99-4314-B48C-D6A3584CA8F5}.Debug|Any CPU.Build.0 = Debug|Any CPU
		{10365241-1E99-4314-B48C-D6A3584CA8F5}.Release|Any CPU.ActiveCfg = Release|Any CPU
		{10365241-1E99-4314-B48C-D6A3584CA8F5}.Release|Any CPU.Build.0 = Release|Any CPU
		{2AB139AD-05E1-4B13-8A68-7181A0087A97}.Debug|Any CPU.ActiveCfg = Debug|Any CPU
		{2AB139AD-05E1-4B13-8A68-7181A0087A97}.Debug|Any CPU.Build.0 = Debug|Any CPU
		{2AB139AD-05E1-4B13-8A68-7181A0087A97}.Release|Any CPU.ActiveCfg = Release|Any CPU
		{2AB139AD-05E1-4B13-8A68-7181A0087A97}.Release|Any CPU.Build.0 = Release|Any CPU
		{0B3A6379-1B31-4BC0-8112-C4E54AEC2FE4}.Debug|Any CPU.ActiveCfg = Debug|Any CPU
		{0B3A6379-1B31-4BC0-8112-C4E54AEC2FE4}.Debug|Any CPU.Build.0 = Debug|Any CPU
		{0B3A6379-1B31-4BC0-8112-C4E54AEC2FE4}.Release|Any CPU.ActiveCfg = Release|Any CPU
		{0B3A6379-1B31-4BC0-8112-C4E54AEC2FE4}.Release|Any CPU.Build.0 = Release|Any CPU
		{C8F5FDE6-A4A8-4FEC-9326-992FFB993CD0}.Debug|Any CPU.ActiveCfg = Debug|Any CPU
		{C8F5FDE6-A4A8-4FEC-9326-992FFB993CD0}.Debug|Any CPU.Build.0 = Debug|Any CPU
		{C8F5FDE6-A4A8-4FEC-9326-992FFB993CD0}.Release|Any CPU.ActiveCfg = Release|Any CPU
		{C8F5FDE6-A4A8-4FEC-9326-992FFB993CD0}.Release|Any CPU.Build.0 = Release|Any CPU
		{D96DD20B-CB67-485F-89FA-29ECF147269F}.Debug|Any CPU.ActiveCfg = Debug|Any CPU
		{D96DD20B-CB67-485F-89FA-29ECF147269F}.Debug|Any CPU.Build.0 = Debug|Any CPU
		{D96DD20B-CB67-485F-89FA-29ECF147269F}.Release|Any CPU.ActiveCfg = Release|Any CPU
		{D96DD20B-CB67-485F-89FA-29ECF147269F}.Release|Any CPU.Build.0 = Release|Any CPU
		{A71D32F9-93A7-4068-8F09-FE61236C8951}.Debug|Any CPU.ActiveCfg = Debug|Any CPU
		{A71D32F9-93A7-4068-8F09-FE61236C8951}.Debug|Any CPU.Build.0 = Debug|Any CPU
		{A71D32F9-93A7-4068-8F09-FE61236C8951}.Release|Any CPU.ActiveCfg = Release|Any CPU
		{A71D32F9-93A7-4068-8F09-FE61236C8951}.Release|Any CPU.Build.0 = Release|Any CPU
		{BE1B51E7-9663-4388-B8A2-C9B74ADC6C4D}.Debug|Any CPU.ActiveCfg = Debug|Any CPU
		{BE1B51E7-9663-4388-B8A2-C9B74ADC6C4D}.Debug|Any CPU.Build.0 = Debug|Any CPU
		{BE1B51E7-9663-4388-B8A2-C9B74ADC6C4D}.Release|Any CPU.ActiveCfg = Release|Any CPU
		{BE1B51E7-9663-4388-B8A2-C9B74ADC6C4D}.Release|Any CPU.Build.0 = Release|Any CPU
	EndGlobalSection
	GlobalSection(SolutionProperties) = preSolution
		HideSolutionNode = FALSE
	EndGlobalSection
	GlobalSection(NestedProjects) = preSolution
		{AB5172AC-7398-4C8B-AB03-CE136B124DA9} = {11FB84B9-5E8A-4F87-9E0C-B54F8C5D2BA0}
		{50783732-5485-4424-8A13-BB88F7E1F5A1} = {11FB84B9-5E8A-4F87-9E0C-B54F8C5D2BA0}
		{530AE7A7-3238-47D2-8943-DAE415FA44D3} = {11FB84B9-5E8A-4F87-9E0C-B54F8C5D2BA0}
		{A6BE324D-7079-4481-9B7A-CC76144F6CEC} = {11FB84B9-5E8A-4F87-9E0C-B54F8C5D2BA0}
		{5DDFD410-9C6E-4319-B085-FCD8FBD00EC0} = {11FB84B9-5E8A-4F87-9E0C-B54F8C5D2BA0}
		{909CEC5B-2143-42F5-BB41-962150EB5374} = {11FB84B9-5E8A-4F87-9E0C-B54F8C5D2BA0}
		{733E9C9B-ACB6-4FBF-A281-5E4A3325691D} = {11FB84B9-5E8A-4F87-9E0C-B54F8C5D2BA0}
		{FB907BD9-AEA2-46F9-8E24-D195B953C3EA} = {11FB84B9-5E8A-4F87-9E0C-B54F8C5D2BA0}
		{632A425A-4147-4ED3-A56C-A132CD55EBAA} = {11FB84B9-5E8A-4F87-9E0C-B54F8C5D2BA0}
		{642E655E-446E-4BCC-91DD-8E8CD9B811A6} = {11FB84B9-5E8A-4F87-9E0C-B54F8C5D2BA0}
		{43D0F356-57BF-4393-96D9-5E2468193777} = {11FB84B9-5E8A-4F87-9E0C-B54F8C5D2BA0}
		{C24152DE-5AF4-4D60-AAE4-5916E13C7D9D} = {03796CDE-9E05-4EA3-8DDE-5D88E3F33D19}
		{28544267-5799-42BF-A068-521A47ABE8D1} = {03796CDE-9E05-4EA3-8DDE-5D88E3F33D19}
		{589E7E94-4992-480E-89EF-07AFCC9374DD} = {03796CDE-9E05-4EA3-8DDE-5D88E3F33D19}
		{B31EFE89-00C0-4F7E-BE83-19E12B301944} = {03796CDE-9E05-4EA3-8DDE-5D88E3F33D19}
		{85A9D008-FA84-45E4-86CD-CBA7F4BF4385} = {03796CDE-9E05-4EA3-8DDE-5D88E3F33D19}
		{86E974A7-6CE0-4ED8-89E4-9B603DD639DA} = {03796CDE-9E05-4EA3-8DDE-5D88E3F33D19}
		{10365241-1E99-4314-B48C-D6A3584CA8F5} = {03796CDE-9E05-4EA3-8DDE-5D88E3F33D19}
		{2AB139AD-05E1-4B13-8A68-7181A0087A97} = {03796CDE-9E05-4EA3-8DDE-5D88E3F33D19}
		{0B3A6379-1B31-4BC0-8112-C4E54AEC2FE4} = {03796CDE-9E05-4EA3-8DDE-5D88E3F33D19}
		{C8F5FDE6-A4A8-4FEC-9326-992FFB993CD0} = {03796CDE-9E05-4EA3-8DDE-5D88E3F33D19}
		{D96DD20B-CB67-485F-89FA-29ECF147269F} = {03796CDE-9E05-4EA3-8DDE-5D88E3F33D19}
		{A71D32F9-93A7-4068-8F09-FE61236C8951} = {03796CDE-9E05-4EA3-8DDE-5D88E3F33D19}
		{BE1B51E7-9663-4388-B8A2-C9B74ADC6C4D} = {03796CDE-9E05-4EA3-8DDE-5D88E3F33D19}
	EndGlobalSection
EndGlobal
