
Microsoft Visual Studio Solution File, Format Version 12.00
# Visual Studio 14
VisualStudioVersion = 14.0.23107.0
MinimumVisualStudioVersion = 10.0.40219.1
Project("{FAE04EC0-301F-11D3-BF4B-00C04F79EFBC}") = "Problem1-SortArrayOfNumbers", "Problem1-SortArrayOfNumbers\Problem1-SortArrayOfNumbers.csproj", "{9DA69B26-4D6D-44A6-8058-6736309B6301}"
EndProject
Project("{FAE04EC0-301F-11D3-BF4B-00C04F79EFBC}") = "Problem2-SortArrayOfNumbersUsingSelectionSort", "Problem2-SortArrayOfNumbersUsingSelectionSort\Problem2-SortArrayOfNumbersUsingSelectionSort.csproj", "{1D835540-E8F7-4B10-A1DB-1235F92F537E}"
EndProject
Project("{FAE04EC0-301F-11D3-BF4B-00C04F79EFBC}") = "Problem3-CategorizeNumbers-FindMinMaxAverage", "Problem3-CategorizeNumbers-FindMinMaxAverage\Problem3-CategorizeNumbers-FindMinMaxAverage.csproj", "{AD63A8F4-EF69-4F29-9732-C1225E790D27}"
EndProject
Project("{FAE04EC0-301F-11D3-BF4B-00C04F79EFBC}") = "Problem4-SequencesOfEqualStrings", "Problem4-SequencesOfEqualStrings\Problem4-SequencesOfEqualStrings.csproj", "{AFDA8344-FB0A-490A-BDEC-6DE3ACE1DA9D}"
EndProject
Project("{FAE04EC0-301F-11D3-BF4B-00C04F79EFBC}") = "Problem5-LongestIncreasingSequence", "Problem5-LongestIncreasingSequence\Problem5-LongestIncreasingSequence.csproj", "{B78B7C79-3FAC-4433-8AE9-F92395099740}"
EndProject
Project("{FAE04EC0-301F-11D3-BF4B-00C04F79EFBC}") = "Problem5-SubsetSums", "Problem5-SubsetSums\Problem5-SubsetSums.csproj", "{E2264B50-8171-4EC3-A785-284E5AB98ED0}"
EndProject
Project("{FAE04EC0-301F-11D3-BF4B-00C04F79EFBC}") = "Problem7-SortedSubsetSums", "Problem7-SortedSubsetSums\Problem7-SortedSubsetSums.csproj", "{F772DDA5-2BD6-4DBE-909F-4831488F3922}"
EndProject
Project("{FAE04EC0-301F-11D3-BF4B-00C04F79EFBC}") = "Problem8-LegoBlocks", "Problem8-LegoBlocks\Problem8-LegoBlocks.csproj", "{53F23EFA-004F-4DB0-9907-9E753A9CADE1}"
EndProject
Global
	GlobalSection(SolutionConfigurationPlatforms) = preSolution
		Debug|Any CPU = Debug|Any CPU
		Release|Any CPU = Release|Any CPU
	EndGlobalSection
	GlobalSection(ProjectConfigurationPlatforms) = postSolution
		{9DA69B26-4D6D-44A6-8058-6736309B6301}.Debug|Any CPU.ActiveCfg = Debug|Any CPU
		{9DA69B26-4D6D-44A6-8058-6736309B6301}.Debug|Any CPU.Build.0 = Debug|Any CPU
		{9DA69B26-4D6D-44A6-8058-6736309B6301}.Release|Any CPU.ActiveCfg = Release|Any CPU
		{9DA69B26-4D6D-44A6-8058-6736309B6301}.Release|Any CPU.Build.0 = Release|Any CPU
		{1D835540-E8F7-4B10-A1DB-1235F92F537E}.Debug|Any CPU.ActiveCfg = Debug|Any CPU
		{1D835540-E8F7-4B10-A1DB-1235F92F537E}.Debug|Any CPU.Build.0 = Debug|Any CPU
		{1D835540-E8F7-4B10-A1DB-1235F92F537E}.Release|Any CPU.ActiveCfg = Release|Any CPU
		{1D835540-E8F7-4B10-A1DB-1235F92F537E}.Release|Any CPU.Build.0 = Release|Any CPU
		{AD63A8F4-EF69-4F29-9732-C1225E790D27}.Debug|Any CPU.ActiveCfg = Debug|Any CPU
		{AD63A8F4-EF69-4F29-9732-C1225E790D27}.Debug|Any CPU.Build.0 = Debug|Any CPU
		{AD63A8F4-EF69-4F29-9732-C1225E790D27}.Release|Any CPU.ActiveCfg = Release|Any CPU
		{AD63A8F4-EF69-4F29-9732-C1225E790D27}.Release|Any CPU.Build.0 = Release|Any CPU
		{AFDA8344-FB0A-490A-BDEC-6DE3ACE1DA9D}.Debug|Any CPU.ActiveCfg = Debug|Any CPU
		{AFDA8344-FB0A-490A-BDEC-6DE3ACE1DA9D}.Debug|Any CPU.Build.0 = Debug|Any CPU
		{AFDA8344-FB0A-490A-BDEC-6DE3ACE1DA9D}.Release|Any CPU.ActiveCfg = Release|Any CPU
		{AFDA8344-FB0A-490A-BDEC-6DE3ACE1DA9D}.Release|Any CPU.Build.0 = Release|Any CPU
		{B78B7C79-3FAC-4433-8AE9-F92395099740}.Debug|Any CPU.ActiveCfg = Debug|Any CPU
		{B78B7C79-3FAC-4433-8AE9-F92395099740}.Debug|Any CPU.Build.0 = Debug|Any CPU
		{B78B7C79-3FAC-4433-8AE9-F92395099740}.Release|Any CPU.ActiveCfg = Release|Any CPU
		{B78B7C79-3FAC-4433-8AE9-F92395099740}.Release|Any CPU.Build.0 = Release|Any CPU
		{E2264B50-8171-4EC3-A785-284E5AB98ED0}.Debug|Any CPU.ActiveCfg = Debug|Any CPU
		{E2264B50-8171-4EC3-A785-284E5AB98ED0}.Debug|Any CPU.Build.0 = Debug|Any CPU
		{E2264B50-8171-4EC3-A785-284E5AB98ED0}.Release|Any CPU.ActiveCfg = Release|Any CPU
		{E2264B50-8171-4EC3-A785-284E5AB98ED0}.Release|Any CPU.Build.0 = Release|Any CPU
		{F772DDA5-2BD6-4DBE-909F-4831488F3922}.Debug|Any CPU.ActiveCfg = Debug|Any CPU
		{F772DDA5-2BD6-4DBE-909F-4831488F3922}.Debug|Any CPU.Build.0 = Debug|Any CPU
		{F772DDA5-2BD6-4DBE-909F-4831488F3922}.Release|Any CPU.ActiveCfg = Release|Any CPU
		{F772DDA5-2BD6-4DBE-909F-4831488F3922}.Release|Any CPU.Build.0 = Release|Any CPU
		{53F23EFA-004F-4DB0-9907-9E753A9CADE1}.Debug|Any CPU.ActiveCfg = Debug|Any CPU
		{53F23EFA-004F-4DB0-9907-9E753A9CADE1}.Debug|Any CPU.Build.0 = Debug|Any CPU
		{53F23EFA-004F-4DB0-9907-9E753A9CADE1}.Release|Any CPU.ActiveCfg = Release|Any CPU
		{53F23EFA-004F-4DB0-9907-9E753A9CADE1}.Release|Any CPU.Build.0 = Release|Any CPU
	EndGlobalSection
	GlobalSection(SolutionProperties) = preSolution
		HideSolutionNode = FALSE
	EndGlobalSection
EndGlobal
