
Microsoft Visual Studio Solution File, Format Version 12.00
# Visual Studio 14
VisualStudioVersion = 14.0.23107.0
MinimumVisualStudioVersion = 10.0.40219.1
Project("{FAE04EC0-301F-11D3-BF4B-00C04F79EFBC}") = "Problem1-OddLines", "Problem1-OddLines\Problem1-OddLines.csproj", "{362466A1-CD0F-4FD3-A172-125E6D0290D6}"
EndProject
Project("{FAE04EC0-301F-11D3-BF4B-00C04F79EFBC}") = "Problem2-LineNumbers", "Problem2-LineNumbers\Problem2-LineNumbers.csproj", "{C99C56BA-9E61-4424-A16E-487D8BEB389D}"
EndProject
Project("{FAE04EC0-301F-11D3-BF4B-00C04F79EFBC}") = "Problem3-WordCount", "Problem3-WordCount\Problem3-WordCount.csproj", "{91494F3B-C202-4B93-8D94-4AEA1AA431C9}"
EndProject
Project("{FAE04EC0-301F-11D3-BF4B-00C04F79EFBC}") = "Problem4-CopyBinaryFile", "Problem4-CopyBinaryFile\Problem4-CopyBinaryFile.csproj", "{4C16660A-B426-403B-AE0C-B291F6AF378A}"
EndProject
Project("{FAE04EC0-301F-11D3-BF4B-00C04F79EFBC}") = "Problem5-SlicingFile", "Problem5-SlicingFile\Problem5-SlicingFile.csproj", "{0F23E1DC-163D-4D50-9C48-48194F841E15}"
EndProject
Project("{FAE04EC0-301F-11D3-BF4B-00C04F79EFBC}") = "Problem6-ZippingSlicedFiles", "Problem6-ZippingSlicedFiles\Problem6-ZippingSlicedFiles.csproj", "{E84875A6-F772-4B67-8A65-CBFFBB6551AA}"
EndProject
Global
	GlobalSection(SolutionConfigurationPlatforms) = preSolution
		Debug|Any CPU = Debug|Any CPU
		Release|Any CPU = Release|Any CPU
	EndGlobalSection
	GlobalSection(ProjectConfigurationPlatforms) = postSolution
		{362466A1-CD0F-4FD3-A172-125E6D0290D6}.Debug|Any CPU.ActiveCfg = Debug|Any CPU
		{362466A1-CD0F-4FD3-A172-125E6D0290D6}.Debug|Any CPU.Build.0 = Debug|Any CPU
		{362466A1-CD0F-4FD3-A172-125E6D0290D6}.Release|Any CPU.ActiveCfg = Release|Any CPU
		{362466A1-CD0F-4FD3-A172-125E6D0290D6}.Release|Any CPU.Build.0 = Release|Any CPU
		{C99C56BA-9E61-4424-A16E-487D8BEB389D}.Debug|Any CPU.ActiveCfg = Debug|Any CPU
		{C99C56BA-9E61-4424-A16E-487D8BEB389D}.Debug|Any CPU.Build.0 = Debug|Any CPU
		{C99C56BA-9E61-4424-A16E-487D8BEB389D}.Release|Any CPU.ActiveCfg = Release|Any CPU
		{C99C56BA-9E61-4424-A16E-487D8BEB389D}.Release|Any CPU.Build.0 = Release|Any CPU
		{91494F3B-C202-4B93-8D94-4AEA1AA431C9}.Debug|Any CPU.ActiveCfg = Debug|Any CPU
		{91494F3B-C202-4B93-8D94-4AEA1AA431C9}.Debug|Any CPU.Build.0 = Debug|Any CPU
		{91494F3B-C202-4B93-8D94-4AEA1AA431C9}.Release|Any CPU.ActiveCfg = Release|Any CPU
		{91494F3B-C202-4B93-8D94-4AEA1AA431C9}.Release|Any CPU.Build.0 = Release|Any CPU
		{4C16660A-B426-403B-AE0C-B291F6AF378A}.Debug|Any CPU.ActiveCfg = Debug|Any CPU
		{4C16660A-B426-403B-AE0C-B291F6AF378A}.Debug|Any CPU.Build.0 = Debug|Any CPU
		{4C16660A-B426-403B-AE0C-B291F6AF378A}.Release|Any CPU.ActiveCfg = Release|Any CPU
		{4C16660A-B426-403B-AE0C-B291F6AF378A}.Release|Any CPU.Build.0 = Release|Any CPU
		{0F23E1DC-163D-4D50-9C48-48194F841E15}.Debug|Any CPU.ActiveCfg = Debug|Any CPU
		{0F23E1DC-163D-4D50-9C48-48194F841E15}.Debug|Any CPU.Build.0 = Debug|Any CPU
		{0F23E1DC-163D-4D50-9C48-48194F841E15}.Release|Any CPU.ActiveCfg = Release|Any CPU
		{0F23E1DC-163D-4D50-9C48-48194F841E15}.Release|Any CPU.Build.0 = Release|Any CPU
		{E84875A6-F772-4B67-8A65-CBFFBB6551AA}.Debug|Any CPU.ActiveCfg = Debug|Any CPU
		{E84875A6-F772-4B67-8A65-CBFFBB6551AA}.Debug|Any CPU.Build.0 = Debug|Any CPU
		{E84875A6-F772-4B67-8A65-CBFFBB6551AA}.Release|Any CPU.ActiveCfg = Release|Any CPU
		{E84875A6-F772-4B67-8A65-CBFFBB6551AA}.Release|Any CPU.Build.0 = Release|Any CPU
	EndGlobalSection
	GlobalSection(SolutionProperties) = preSolution
		HideSolutionNode = FALSE
	EndGlobalSection
EndGlobal
